
Microsoft Visual Studio Solution File, Format Version 12.00
# Visual Studio Version 17
VisualStudioVersion = 17.2.32602.215
MinimumVisualStudioVersion = 10.0.40219.1
Project("{9A19103F-16F7-4668-BE54-9A1E7A4F7556}") = "ProjektJA", "ProjektJA\ProjektJA.csproj", "{8F50A74E-4FD7-431B-A59E-4852D942EE7B}"
	ProjectSection(ProjectDependencies) = postProject
		{28BE487A-F3F5-4F50-8A3C-1C50EABE8172} = {28BE487A-F3F5-4F50-8A3C-1C50EABE8172}
	EndProjectSection
EndProject
Project("{8BC9CEB8-8B4A-11D0-8D11-00A0C91BC942}") = "ASM", "ASM\ASM.vcxproj", "{28BE487A-F3F5-4F50-8A3C-1C50EABE8172}"
EndProject
Project("{8BC9CEB8-8B4A-11D0-8D11-00A0C91BC942}") = "C", "C\C.vcxproj", "{28AC788C-AF17-4DB3-A9A1-55CE1F832B95}"
EndProject
Global
	GlobalSection(SolutionConfigurationPlatforms) = preSolution
		Debug|Any CPU = Debug|Any CPU
		Debug|x64 = Debug|x64
		Debug|x86 = Debug|x86
		Release|Any CPU = Release|Any CPU
		Release|x64 = Release|x64
		Release|x86 = Release|x86
	EndGlobalSection
	GlobalSection(ProjectConfigurationPlatforms) = postSolution
		{8F50A74E-4FD7-431B-A59E-4852D942EE7B}.Debug|Any CPU.ActiveCfg = Debug|Any CPU
		{8F50A74E-4FD7-431B-A59E-4852D942EE7B}.Debug|Any CPU.Build.0 = Debug|Any CPU
		{8F50A74E-4FD7-431B-A59E-4852D942EE7B}.Debug|x64.ActiveCfg = Debug|Any CPU
		{8F50A74E-4FD7-431B-A59E-4852D942EE7B}.Debug|x64.Build.0 = Debug|Any CPU
		{8F50A74E-4FD7-431B-A59E-4852D942EE7B}.Debug|x86.ActiveCfg = Debug|Any CPU
		{8F50A74E-4FD7-431B-A59E-4852D942EE7B}.Debug|x86.Build.0 = Debug|Any CPU
		{8F50A74E-4FD7-431B-A59E-4852D942EE7B}.Release|Any CPU.ActiveCfg = Release|Any CPU
		{8F50A74E-4FD7-431B-A59E-4852D942EE7B}.Release|Any CPU.Build.0 = Release|Any CPU
		{8F50A74E-4FD7-431B-A59E-4852D942EE7B}.Release|x64.ActiveCfg = Release|Any CPU
		{8F50A74E-4FD7-431B-A59E-4852D942EE7B}.Release|x64.Build.0 = Release|Any CPU
		{8F50A74E-4FD7-431B-A59E-4852D942EE7B}.Release|x86.ActiveCfg = Release|Any CPU
		{8F50A74E-4FD7-431B-A59E-4852D942EE7B}.Release|x86.Build.0 = Release|Any CPU
		{28BE487A-F3F5-4F50-8A3C-1C50EABE8172}.Debug|Any CPU.ActiveCfg = Debug|x64
		{28BE487A-F3F5-4F50-8A3C-1C50EABE8172}.Debug|Any CPU.Build.0 = Debug|x64
		{28BE487A-F3F5-4F50-8A3C-1C50EABE8172}.Debug|x64.ActiveCfg = Debug|x64
		{28BE487A-F3F5-4F50-8A3C-1C50EABE8172}.Debug|x64.Build.0 = Debug|x64
		{28BE487A-F3F5-4F50-8A3C-1C50EABE8172}.Debug|x86.ActiveCfg = Debug|Win32
		{28BE487A-F3F5-4F50-8A3C-1C50EABE8172}.Debug|x86.Build.0 = Debug|Win32
		{28BE487A-F3F5-4F50-8A3C-1C50EABE8172}.Release|Any CPU.ActiveCfg = Release|x64
		{28BE487A-F3F5-4F50-8A3C-1C50EABE8172}.Release|Any CPU.Build.0 = Release|x64
		{28BE487A-F3F5-4F50-8A3C-1C50EABE8172}.Release|x64.ActiveCfg = Release|x64
		{28BE487A-F3F5-4F50-8A3C-1C50EABE8172}.Release|x64.Build.0 = Release|x64
		{28BE487A-F3F5-4F50-8A3C-1C50EABE8172}.Release|x86.ActiveCfg = Release|Win32
		{28BE487A-F3F5-4F50-8A3C-1C50EABE8172}.Release|x86.Build.0 = Release|Win32
		{28AC788C-AF17-4DB3-A9A1-55CE1F832B95}.Debug|Any CPU.ActiveCfg = Debug|x64
		{28AC788C-AF17-4DB3-A9A1-55CE1F832B95}.Debug|Any CPU.Build.0 = Debug|x64
		{28AC788C-AF17-4DB3-A9A1-55CE1F832B95}.Debug|x64.ActiveCfg = Debug|x64
		{28AC788C-AF17-4DB3-A9A1-55CE1F832B95}.Debug|x64.Build.0 = Debug|x64
		{28AC788C-AF17-4DB3-A9A1-55CE1F832B95}.Debug|x86.ActiveCfg = Debug|Win32
		{28AC788C-AF17-4DB3-A9A1-55CE1F832B95}.Debug|x86.Build.0 = Debug|Win32
		{28AC788C-AF17-4DB3-A9A1-55CE1F832B95}.Release|Any CPU.ActiveCfg = Release|x64
		{28AC788C-AF17-4DB3-A9A1-55CE1F832B95}.Release|Any CPU.Build.0 = Release|x64
		{28AC788C-AF17-4DB3-A9A1-55CE1F832B95}.Release|x64.ActiveCfg = Release|x64
		{28AC788C-AF17-4DB3-A9A1-55CE1F832B95}.Release|x64.Build.0 = Release|x64
		{28AC788C-AF17-4DB3-A9A1-55CE1F832B95}.Release|x86.ActiveCfg = Release|Win32
		{28AC788C-AF17-4DB3-A9A1-55CE1F832B95}.Release|x86.Build.0 = Release|Win32
	EndGlobalSection
	GlobalSection(SolutionProperties) = preSolution
		HideSolutionNode = FALSE
	EndGlobalSection
	GlobalSection(ExtensibilityGlobals) = postSolution
		SolutionGuid = {5F5D970E-F97B-431C-8733-C71335B401B9}
	EndGlobalSection
EndGlobal
